
Microsoft Visual Studio Solution File, Format Version 11.00
# Visual Studio 2010
Project("{FAE04EC0-301F-11D3-BF4B-00C04F79EFBC}") = "Assembly-CSharp", "Assembly-CSharp.csproj", "{FE33696B-F06D-363F-D350-33E1975B38F4}"
EndProject
Global
	GlobalSection(SolutionConfigurationPlatforms) = preSolution
		Debug|Any CPU = Debug|Any CPU
		Release|Any CPU = Release|Any CPU
	EndGlobalSection
	GlobalSection(ProjectConfigurationPlatforms) = postSolution
		{FE33696B-F06D-363F-D350-33E1975B38F4}.Debug|Any CPU.ActiveCfg = Debug|Any CPU
		{FE33696B-F06D-363F-D350-33E1975B38F4}.Debug|Any CPU.Build.0 = Debug|Any CPU
		{FE33696B-F06D-363F-D350-33E1975B38F4}.Release|Any CPU.ActiveCfg = Release|Any CPU
		{FE33696B-F06D-363F-D350-33E1975B38F4}.Release|Any CPU.Build.0 = Release|Any CPU
	EndGlobalSection
	GlobalSection(SolutionProperties) = preSolution
		HideSolutionNode = FALSE
	EndGlobalSection
	GlobalSection(MonoDevelopProperties) = preSolution
		StartupItem = Assembly-CSharp.csproj
	EndGlobalSection
EndGlobal
